// !$*UTF8*$!
{
	archiveVersion = 1;
	classes = {
	};
	objectVersion = 56;
	objects = {

/* Begin PBXBuildFile section */
		80AF423A15FBED45C5E82D08 /* Pods_Goals.framework in Frameworks */ = {isa = PBXBuildFile; fileRef = 978ED2AC12D861A9E8EA0972 /* Pods_Goals.framework */; };
		A76F0B8429BCB12D00C0FF25 /* GoalType.swift in Sources */ = {isa = PBXBuildFile; fileRef = A76F0B8329BCB12D00C0FF25 /* GoalType.swift */; };
		A79BC43029BBB7DC00C28D6D /* GoalCell.swift in Sources */ = {isa = PBXBuildFile; fileRef = A79BC42F29BBB7DC00C28D6D /* GoalCell.swift */; };
		A7F92B4829B5136C00044D64 /* AppDelegate.swift in Sources */ = {isa = PBXBuildFile; fileRef = A7F92B4729B5136C00044D64 /* AppDelegate.swift */; };
		A7F92B4A29B5136C00044D64 /* SceneDelegate.swift in Sources */ = {isa = PBXBuildFile; fileRef = A7F92B4929B5136C00044D64 /* SceneDelegate.swift */; };
		A7F92B5229B5136C00044D64 /* Goals.xcdatamodeld in Sources */ = {isa = PBXBuildFile; fileRef = A7F92B5029B5136C00044D64 /* Goals.xcdatamodeld */; };
		A7F92B5429B5136F00044D64 /* Assets.xcassets in Resources */ = {isa = PBXBuildFile; fileRef = A7F92B5329B5136F00044D64 /* Assets.xcassets */; };
		A7F92B5729B5136F00044D64 /* LaunchScreen.storyboard in Resources */ = {isa = PBXBuildFile; fileRef = A7F92B5529B5136F00044D64 /* LaunchScreen.storyboard */; };
		A7F92B6529B52C9E00044D64 /* GoalsVC.swift in Sources */ = {isa = PBXBuildFile; fileRef = A7F92B6429B52C9E00044D64 /* GoalsVC.swift */; };
/* End PBXBuildFile section */

/* Begin PBXFileReference section */
		577D2547862CF219DE57BC55 /* Pods-Goals.release.xcconfig */ = {isa = PBXFileReference; includeInIndex = 1; lastKnownFileType = text.xcconfig; name = "Pods-Goals.release.xcconfig"; path = "Target Support Files/Pods-Goals/Pods-Goals.release.xcconfig"; sourceTree = "<group>"; };
		978ED2AC12D861A9E8EA0972 /* Pods_Goals.framework */ = {isa = PBXFileReference; explicitFileType = wrapper.framework; includeInIndex = 0; path = Pods_Goals.framework; sourceTree = BUILT_PRODUCTS_DIR; };
		A76F0B8329BCB12D00C0FF25 /* GoalType.swift */ = {isa = PBXFileReference; lastKnownFileType = sourcecode.swift; path = GoalType.swift; sourceTree = "<group>"; };
		A79BC42F29BBB7DC00C28D6D /* GoalCell.swift */ = {isa = PBXFileReference; lastKnownFileType = sourcecode.swift; path = GoalCell.swift; sourceTree = "<group>"; };
		A7F92B4429B5136C00044D64 /* Goals.app */ = {isa = PBXFileReference; explicitFileType = wrapper.application; includeInIndex = 0; path = Goals.app; sourceTree = BUILT_PRODUCTS_DIR; };
		A7F92B4729B5136C00044D64 /* AppDelegate.swift */ = {isa = PBXFileReference; lastKnownFileType = sourcecode.swift; path = AppDelegate.swift; sourceTree = "<group>"; };
		A7F92B4929B5136C00044D64 /* SceneDelegate.swift */ = {isa = PBXFileReference; lastKnownFileType = sourcecode.swift; path = SceneDelegate.swift; sourceTree = "<group>"; };
		A7F92B5129B5136C00044D64 /* Goals.xcdatamodel */ = {isa = PBXFileReference; lastKnownFileType = wrapper.xcdatamodel; path = Goals.xcdatamodel; sourceTree = "<group>"; };
		A7F92B5329B5136F00044D64 /* Assets.xcassets */ = {isa = PBXFileReference; lastKnownFileType = folder.assetcatalog; path = Assets.xcassets; sourceTree = "<group>"; };
		A7F92B5629B5136F00044D64 /* Base */ = {isa = PBXFileReference; lastKnownFileType = file.storyboard; name = Base; path = Base.lproj/LaunchScreen.storyboard; sourceTree = "<group>"; };
		A7F92B5829B5136F00044D64 /* Info.plist */ = {isa = PBXFileReference; lastKnownFileType = text.plist.xml; path = Info.plist; sourceTree = "<group>"; };
		A7F92B6429B52C9E00044D64 /* GoalsVC.swift */ = {isa = PBXFileReference; lastKnownFileType = sourcecode.swift; path = GoalsVC.swift; sourceTree = "<group>"; };
		F4607C7A7595A3B5E9528391 /* Pods-Goals.debug.xcconfig */ = {isa = PBXFileReference; includeInIndex = 1; lastKnownFileType = text.xcconfig; name = "Pods-Goals.debug.xcconfig"; path = "Target Support Files/Pods-Goals/Pods-Goals.debug.xcconfig"; sourceTree = "<group>"; };
/* End PBXFileReference section */

/* Begin PBXFrameworksBuildPhase section */
		A7F92B4129B5136C00044D64 /* Frameworks */ = {
			isa = PBXFrameworksBuildPhase;
			buildActionMask = 2147483647;
			files = (
				80AF423A15FBED45C5E82D08 /* Pods_Goals.framework in Frameworks */,
			);
			runOnlyForDeploymentPostprocessing = 0;
		};
/* End PBXFrameworksBuildPhase section */

/* Begin PBXGroup section */
		A4D542E7BA1CB8EAD6CB4565 /* Pods */ = {
			isa = PBXGroup;
			children = (
				F4607C7A7595A3B5E9528391 /* Pods-Goals.debug.xcconfig */,
				577D2547862CF219DE57BC55 /* Pods-Goals.release.xcconfig */,
			);
			path = Pods;
			sourceTree = "<group>";
		};
		A76F0B8529BCB47500C0FF25 /* Cells */ = {
			isa = PBXGroup;
			children = (
				A79BC42F29BBB7DC00C28D6D /* GoalCell.swift */,
			);
			path = Cells;
			sourceTree = "<group>";
		};
		A7F92B3B29B5136C00044D64 = {
			isa = PBXGroup;
			children = (
				A7F92B4629B5136C00044D64 /* Goals */,
				A7F92B4529B5136C00044D64 /* Products */,
				A4D542E7BA1CB8EAD6CB4565 /* Pods */,
				DD8F9677B31BF55C75E546B6 /* Frameworks */,
			);
			sourceTree = "<group>";
		};
		A7F92B4529B5136C00044D64 /* Products */ = {
			isa = PBXGroup;
			children = (
				A7F92B4429B5136C00044D64 /* Goals.app */,
			);
			name = Products;
			sourceTree = "<group>";
		};
		A7F92B4629B5136C00044D64 /* Goals */ = {
			isa = PBXGroup;
			children = (
				A7F92B5E29B5145900044D64 /* Application */,
				A7F92B6329B5148500044D64 /* Extentions */,
				A7F92B6229B5147C00044D64 /* Enums */,
				A7F92B6129B5146E00044D64 /* View */,
				A7F92B6029B5146800044D64 /* Controller */,
				A7F92B5F29B5146000044D64 /* Resources */,
			);
			path = Goals;
			sourceTree = "<group>";
		};
		A7F92B5E29B5145900044D64 /* Application */ = {
			isa = PBXGroup;
			children = (
				A7F92B4729B5136C00044D64 /* AppDelegate.swift */,
				A7F92B4929B5136C00044D64 /* SceneDelegate.swift */,
			);
			path = Application;
			sourceTree = "<group>";
		};
		A7F92B5F29B5146000044D64 /* Resources */ = {
			isa = PBXGroup;
			children = (
				A7F92B5329B5136F00044D64 /* Assets.xcassets */,
				A7F92B5529B5136F00044D64 /* LaunchScreen.storyboard */,
				A7F92B5829B5136F00044D64 /* Info.plist */,
				A7F92B5029B5136C00044D64 /* Goals.xcdatamodeld */,
			);
			path = Resources;
			sourceTree = "<group>";
		};
		A7F92B6029B5146800044D64 /* Controller */ = {
			isa = PBXGroup;
			children = (
				A7F92B6429B52C9E00044D64 /* GoalsVC.swift */,
			);
			path = Controller;
			sourceTree = "<group>";
		};
		A7F92B6129B5146E00044D64 /* View */ = {
			isa = PBXGroup;
			children = (
				A76F0B8529BCB47500C0FF25 /* Cells */,
			);
			path = View;
			sourceTree = "<group>";
		};
		A7F92B6229B5147C00044D64 /* Enums */ = {
			isa = PBXGroup;
			children = (
				A76F0B8329BCB12D00C0FF25 /* GoalType.swift */,
			);
			path = Enums;
			sourceTree = "<group>";
		};
		A7F92B6329B5148500044D64 /* Extentions */ = {
			isa = PBXGroup;
			children = (
			);
			path = Extentions;
			sourceTree = "<group>";
		};
		DD8F9677B31BF55C75E546B6 /* Frameworks */ = {
			isa = PBXGroup;
			children = (
				978ED2AC12D861A9E8EA0972 /* Pods_Goals.framework */,
			);
			name = Frameworks;
			sourceTree = "<group>";
		};
/* End PBXGroup section */

/* Begin PBXNativeTarget section */
		A7F92B4329B5136C00044D64 /* Goals */ = {
			isa = PBXNativeTarget;
			buildConfigurationList = A7F92B5B29B5136F00044D64 /* Build configuration list for PBXNativeTarget "Goals" */;
			buildPhases = (
				831A4BE3529C85966C5810F5 /* [CP] Check Pods Manifest.lock */,
				A7F92B4029B5136C00044D64 /* Sources */,
				A7F92B4129B5136C00044D64 /* Frameworks */,
				A7F92B4229B5136C00044D64 /* Resources */,
				80EE47FA66CC07D3A2174279 /* [CP] Embed Pods Frameworks */,
			);
			buildRules = (
			);
			dependencies = (
			);
			name = Goals;
			productName = Goals;
			productReference = A7F92B4429B5136C00044D64 /* Goals.app */;
			productType = "com.apple.product-type.application";
		};
/* End PBXNativeTarget section */

/* Begin PBXProject section */
		A7F92B3C29B5136C00044D64 /* Project object */ = {
			isa = PBXProject;
			attributes = {
				BuildIndependentTargetsInParallel = 1;
				LastSwiftUpdateCheck = 1420;
				LastUpgradeCheck = 1420;
				TargetAttributes = {
					A7F92B4329B5136C00044D64 = {
						CreatedOnToolsVersion = 14.2;
					};
				};
			};
			buildConfigurationList = A7F92B3F29B5136C00044D64 /* Build configuration list for PBXProject "Goals" */;
			compatibilityVersion = "Xcode 14.0";
			developmentRegion = en;
			hasScannedForEncodings = 0;
			knownRegions = (
				en,
				Base,
			);
			mainGroup = A7F92B3B29B5136C00044D64;
			productRefGroup = A7F92B4529B5136C00044D64 /* Products */;
			projectDirPath = "";
			projectRoot = "";
			targets = (
				A7F92B4329B5136C00044D64 /* Goals */,
			);
		};
/* End PBXProject section */

/* Begin PBXResourcesBuildPhase section */
		A7F92B4229B5136C00044D64 /* Resources */ = {
			isa = PBXResourcesBuildPhase;
			buildActionMask = 2147483647;
			files = (
				A7F92B5729B5136F00044D64 /* LaunchScreen.storyboard in Resources */,
				A7F92B5429B5136F00044D64 /* Assets.xcassets in Resources */,
			);
			runOnlyForDeploymentPostprocessing = 0;
		};
/* End PBXResourcesBuildPhase section */

/* Begin PBXShellScriptBuildPhase section */
		80EE47FA66CC07D3A2174279 /* [CP] Embed Pods Frameworks */ = {
			isa = PBXShellScriptBuildPhase;
			buildActionMask = 2147483647;
			files = (
			);
			inputFileListPaths = (
				"${PODS_ROOT}/Target Support Files/Pods-Goals/Pods-Goals-frameworks-${CONFIGURATION}-input-files.xcfilelist",
			);
			name = "[CP] Embed Pods Frameworks";
			outputFileListPaths = (
				"${PODS_ROOT}/Target Support Files/Pods-Goals/Pods-Goals-frameworks-${CONFIGURATION}-output-files.xcfilelist",
			);
			runOnlyForDeploymentPostprocessing = 0;
			shellPath = /bin/sh;
			shellScript = "\"${PODS_ROOT}/Target Support Files/Pods-Goals/Pods-Goals-frameworks.sh\"\n";
			showEnvVarsInLog = 0;
		};
		831A4BE3529C85966C5810F5 /* [CP] Check Pods Manifest.lock */ = {
			isa = PBXShellScriptBuildPhase;
			buildActionMask = 2147483647;
			files = (
			);
			inputFileListPaths = (
			);
			inputPaths = (
				"${PODS_PODFILE_DIR_PATH}/Podfile.lock",
				"${PODS_ROOT}/Manifest.lock",
			);
			name = "[CP] Check Pods Manifest.lock";
			outputFileListPaths = (
			);
			outputPaths = (
				"$(DERIVED_FILE_DIR)/Pods-Goals-checkManifestLockResult.txt",
			);
			runOnlyForDeploymentPostprocessing = 0;
			shellPath = /bin/sh;
			shellScript = "diff \"${PODS_PODFILE_DIR_PATH}/Podfile.lock\" \"${PODS_ROOT}/Manifest.lock\" > /dev/null\nif [ $? != 0 ] ; then\n    # print error to STDERR\n    echo \"error: The sandbox is not in sync with the Podfile.lock. Run 'pod install' or update your CocoaPods installation.\" >&2\n    exit 1\nfi\n# This output is used by Xcode 'outputs' to avoid re-running this script phase.\necho \"SUCCESS\" > \"${SCRIPT_OUTPUT_FILE_0}\"\n";
			showEnvVarsInLog = 0;
		};
/* End PBXShellScriptBuildPhase section */

/* Begin PBXSourcesBuildPhase section */
		A7F92B4029B5136C00044D64 /* Sources */ = {
			isa = PBXSourcesBuildPhase;
			buildActionMask = 2147483647;
			files = (
				A7F92B5229B5136C00044D64 /* Goals.xcdatamodeld in Sources */,
				A7F92B4829B5136C00044D64 /* AppDelegate.swift in Sources */,
				A76F0B8429BCB12D00C0FF25 /* GoalType.swift in Sources */,
				A7F92B4A29B5136C00044D64 /* SceneDelegate.swift in Sources */,
				A79BC43029BBB7DC00C28D6D /* GoalCell.swift in Sources */,
				A7F92B6529B52C9E00044D64 /* GoalsVC.swift in Sources */,
			);
			runOnlyForDeploymentPostprocessing = 0;
		};
/* End PBXSourcesBuildPhase section */

/* Begin PBXVariantGroup section */
		A7F92B5529B5136F00044D64 /* LaunchScreen.storyboard */ = {
			isa = PBXVariantGroup;
			children = (
				A7F92B5629B5136F00044D64 /* Base */,
			);
			name = LaunchScreen.storyboard;
			sourceTree = "<group>";
		};
/* End PBXVariantGroup section */

/* Begin XCBuildConfiguration section */
		A7F92B5929B5136F00044D64 /* Debug */ = {
			isa = XCBuildConfiguration;
			buildSettings = {
				ALWAYS_SEARCH_USER_PATHS = NO;
				CLANG_ANALYZER_NONNULL = YES;
				CLANG_ANALYZER_NUMBER_OBJECT_CONVERSION = YES_AGGRESSIVE;
				CLANG_CXX_LANGUAGE_STANDARD = "gnu++20";
				CLANG_ENABLE_MODULES = YES;
				CLANG_ENABLE_OBJC_ARC = YES;
				CLANG_ENABLE_OBJC_WEAK = YES;
				CLANG_WARN_BLOCK_CAPTURE_AUTORELEASING = YES;
				CLANG_WARN_BOOL_CONVERSION = YES;
				CLANG_WARN_COMMA = YES;
				CLANG_WARN_CONSTANT_CONVERSION = YES;
				CLANG_WARN_DEPRECATED_OBJC_IMPLEMENTATIONS = YES;
				CLANG_WARN_DIRECT_OBJC_ISA_USAGE = YES_ERROR;
				CLANG_WARN_DOCUMENTATION_COMMENTS = YES;
				CLANG_WARN_EMPTY_BODY = YES;
				CLANG_WARN_ENUM_CONVERSION = YES;
				CLANG_WARN_INFINITE_RECURSION = YES;
				CLANG_WARN_INT_CONVERSION = YES;
				CLANG_WARN_NON_LITERAL_NULL_CONVERSION = YES;
				CLANG_WARN_OBJC_IMPLICIT_RETAIN_SELF = YES;
				CLANG_WARN_OBJC_LITERAL_CONVERSION = YES;
				CLANG_WARN_OBJC_ROOT_CLASS = YES_ERROR;
				CLANG_WARN_QUOTED_INCLUDE_IN_FRAMEWORK_HEADER = YES;
				CLANG_WARN_RANGE_LOOP_ANALYSIS = YES;
				CLANG_WARN_STRICT_PROTOTYPES = YES;
				CLANG_WARN_SUSPICIOUS_MOVE = YES;
				CLANG_WARN_UNGUARDED_AVAILABILITY = YES_AGGRESSIVE;
				CLANG_WARN_UNREACHABLE_CODE = YES;
				CLANG_WARN__DUPLICATE_METHOD_MATCH = YES;
				COPY_PHASE_STRIP = NO;
				DEBUG_INFORMATION_FORMAT = dwarf;
				ENABLE_STRICT_OBJC_MSGSEND = YES;
				ENABLE_TESTABILITY = YES;
				GCC_C_LANGUAGE_STANDARD = gnu11;
				GCC_DYNAMIC_NO_PIC = NO;
				GCC_NO_COMMON_BLOCKS = YES;
				GCC_OPTIMIZATION_LEVEL = 0;
				GCC_PREPROCESSOR_DEFINITIONS = (
					"DEBUG=1",
					"$(inherited)",
				);
				GCC_WARN_64_TO_32_BIT_CONVERSION = YES;
				GCC_WARN_ABOUT_RETURN_TYPE = YES_ERROR;
				GCC_WARN_UNDECLARED_SELECTOR = YES;
				GCC_WARN_UNINITIALIZED_AUTOS = YES_AGGRESSIVE;
				GCC_WARN_UNUSED_FUNCTION = YES;
				GCC_WARN_UNUSED_VARIABLE = YES;
				IPHONEOS_DEPLOYMENT_TARGET = 16.2;
				MTL_ENABLE_DEBUG_INFO = INCLUDE_SOURCE;
				MTL_FAST_MATH = YES;
				ONLY_ACTIVE_ARCH = YES;
				SDKROOT = iphoneos;
				SWIFT_ACTIVE_COMPILATION_CONDITIONS = DEBUG;
				SWIFT_OPTIMIZATION_LEVEL = "-Onone";
			};
			name = Debug;
		};
		A7F92B5A29B5136F00044D64 /* Release */ = {
			isa = XCBuildConfiguration;
			buildSettings = {
				ALWAYS_SEARCH_USER_PATHS = NO;
				CLANG_ANALYZER_NONNULL = YES;
				CLANG_ANALYZER_NUMBER_OBJECT_CONVERSION = YES_AGGRESSIVE;
				CLANG_CXX_LANGUAGE_STANDARD = "gnu++20";
				CLANG_ENABLE_MODULES = YES;
				CLANG_ENABLE_OBJC_ARC = YES;
				CLANG_ENABLE_OBJC_WEAK = YES;
				CLANG_WARN_BLOCK_CAPTURE_AUTORELEASING = YES;
				CLANG_WARN_BOOL_CONVERSION = YES;
				CLANG_WARN_COMMA = YES;
				CLANG_WARN_CONSTANT_CONVERSION = YES;
				CLANG_WARN_DEPRECATED_OBJC_IMPLEMENTATIONS = YES;
				CLANG_WARN_DIRECT_OBJC_ISA_USAGE = YES_ERROR;
				CLANG_WARN_DOCUMENTATION_COMMENTS = YES;
				CLANG_WARN_EMPTY_BODY = YES;
				CLANG_WARN_ENUM_CONVERSION = YES;
				CLANG_WARN_INFINITE_RECURSION = YES;
				CLANG_WARN_INT_CONVERSION = YES;
				CLANG_WARN_NON_LITERAL_NULL_CONVERSION = YES;
				CLANG_WARN_OBJC_IMPLICIT_RETAIN_SELF = YES;
				CLANG_WARN_OBJC_LITERAL_CONVERSION = YES;
				CLANG_WARN_OBJC_ROOT_CLASS = YES_ERROR;
				CLANG_WARN_QUOTED_INCLUDE_IN_FRAMEWORK_HEADER = YES;
				CLANG_WARN_RANGE_LOOP_ANALYSIS = YES;
				CLANG_WARN_STRICT_PROTOTYPES = YES;
				CLANG_WARN_SUSPICIOUS_MOVE = YES;
				CLANG_WARN_UNGUARDED_AVAILABILITY = YES_AGGRESSIVE;
				CLANG_WARN_UNREACHABLE_CODE = YES;
				CLANG_WARN__DUPLICATE_METHOD_MATCH = YES;
				COPY_PHASE_STRIP = NO;
				DEBUG_INFORMATION_FORMAT = "dwarf-with-dsym";
				ENABLE_NS_ASSERTIONS = NO;
				ENABLE_STRICT_OBJC_MSGSEND = YES;
				GCC_C_LANGUAGE_STANDARD = gnu11;
				GCC_NO_COMMON_BLOCKS = YES;
				GCC_WARN_64_TO_32_BIT_CONVERSION = YES;
				GCC_WARN_ABOUT_RETURN_TYPE = YES_ERROR;
				GCC_WARN_UNDECLARED_SELECTOR = YES;
				GCC_WARN_UNINITIALIZED_AUTOS = YES_AGGRESSIVE;
				GCC_WARN_UNUSED_FUNCTION = YES;
				GCC_WARN_UNUSED_VARIABLE = YES;
				IPHONEOS_DEPLOYMENT_TARGET = 16.2;
				MTL_ENABLE_DEBUG_INFO = NO;
				MTL_FAST_MATH = YES;
				SDKROOT = iphoneos;
				SWIFT_COMPILATION_MODE = wholemodule;
				SWIFT_OPTIMIZATION_LEVEL = "-O";
				VALIDATE_PRODUCT = YES;
			};
			name = Release;
		};
		A7F92B5C29B5136F00044D64 /* Debug */ = {
			isa = XCBuildConfiguration;
			baseConfigurationReference = F4607C7A7595A3B5E9528391 /* Pods-Goals.debug.xcconfig */;
			buildSettings = {
				ASSETCATALOG_COMPILER_APPICON_NAME = AppIcon;
				ASSETCATALOG_COMPILER_GLOBAL_ACCENT_COLOR_NAME = AccentColor;
				CODE_SIGN_STYLE = Automatic;
				CURRENT_PROJECT_VERSION = 1;
				GENERATE_INFOPLIST_FILE = YES;
				INFOPLIST_FILE = Goals/Resources/Info.plist;
				INFOPLIST_KEY_UIApplicationSupportsIndirectInputEvents = YES;
				INFOPLIST_KEY_UILaunchStoryboardName = LaunchScreen;
				INFOPLIST_KEY_UISupportedInterfaceOrientations_iPad = "UIInterfaceOrientationPortrait UIInterfaceOrientationPortraitUpsideDown UIInterfaceOrientationLandscapeLeft UIInterfaceOrientationLandscapeRight";
				INFOPLIST_KEY_UISupportedInterfaceOrientations_iPhone = "UIInterfaceOrientationPortrait UIInterfaceOrientationLandscapeLeft UIInterfaceOrientationLandscapeRight";
				LD_RUNPATH_SEARCH_PATHS = (
					"$(inherited)",
					"@executable_path/Frameworks",
				);
				MARKETING_VERSION = 1.0;
				PRODUCT_BUNDLE_IDENTIFIER = com.vadimkononenko.Goals;
				PRODUCT_NAME = "$(TARGET_NAME)";
				SWIFT_EMIT_LOC_STRINGS = YES;
				SWIFT_VERSION = 5.0;
				TARGETED_DEVICE_FAMILY = "1,2";
			};
			name = Debug;
		};
		A7F92B5D29B5136F00044D64 /* Release */ = {
			isa = XCBuildConfiguration;
			baseConfigurationReference = 577D2547862CF219DE57BC55 /* Pods-Goals.release.xcconfig */;
			buildSettings = {
				ASSETCATALOG_COMPILER_APPICON_NAME = AppIcon;
				ASSETCATALOG_COMPILER_GLOBAL_ACCENT_COLOR_NAME = AccentColor;
				CODE_SIGN_STYLE = Automatic;
				CURRENT_PROJECT_VERSION = 1;
				GENERATE_INFOPLIST_FILE = YES;
				INFOPLIST_FILE = Goals/Resources/Info.plist;
				INFOPLIST_KEY_UIApplicationSupportsIndirectInputEvents = YES;
				INFOPLIST_KEY_UILaunchStoryboardName = LaunchScreen;
				INFOPLIST_KEY_UISupportedInterfaceOrientations_iPad = "UIInterfaceOrientationPortrait UIInterfaceOrientationPortraitUpsideDown UIInterfaceOrientationLandscapeLeft UIInterfaceOrientationLandscapeRight";
				INFOPLIST_KEY_UISupportedInterfaceOrientations_iPhone = "UIInterfaceOrientationPortrait UIInterfaceOrientationLandscapeLeft UIInterfaceOrientationLandscapeRight";
				LD_RUNPATH_SEARCH_PATHS = (
					"$(inherited)",
					"@executable_path/Frameworks",
				);
				MARKETING_VERSION = 1.0;
				PRODUCT_BUNDLE_IDENTIFIER = com.vadimkononenko.Goals;
				PRODUCT_NAME = "$(TARGET_NAME)";
				SWIFT_EMIT_LOC_STRINGS = YES;
				SWIFT_VERSION = 5.0;
				TARGETED_DEVICE_FAMILY = "1,2";
			};
			name = Release;
		};
/* End XCBuildConfiguration section */

/* Begin XCConfigurationList section */
		A7F92B3F29B5136C00044D64 /* Build configuration list for PBXProject "Goals" */ = {
			isa = XCConfigurationList;
			buildConfigurations = (
				A7F92B5929B5136F00044D64 /* Debug */,
				A7F92B5A29B5136F00044D64 /* Release */,
			);
			defaultConfigurationIsVisible = 0;
			defaultConfigurationName = Release;
		};
		A7F92B5B29B5136F00044D64 /* Build configuration list for PBXNativeTarget "Goals" */ = {
			isa = XCConfigurationList;
			buildConfigurations = (
				A7F92B5C29B5136F00044D64 /* Debug */,
				A7F92B5D29B5136F00044D64 /* Release */,
			);
			defaultConfigurationIsVisible = 0;
			defaultConfigurationName = Release;
		};
/* End XCConfigurationList section */

/* Begin XCVersionGroup section */
		A7F92B5029B5136C00044D64 /* Goals.xcdatamodeld */ = {
			isa = XCVersionGroup;
			children = (
				A7F92B5129B5136C00044D64 /* Goals.xcdatamodel */,
			);
			currentVersion = A7F92B5129B5136C00044D64 /* Goals.xcdatamodel */;
			path = Goals.xcdatamodeld;
			sourceTree = "<group>";
			versionGroupType = wrapper.xcdatamodel;
		};
/* End XCVersionGroup section */
	};
	rootObject = A7F92B3C29B5136C00044D64 /* Project object */;
}
